{
  "name": "gundb-multisocket",
  "version": "0.0.4",
  "lockfileVersion": 1,
  "requires": true,
  "dependencies": {
    "@hyperswarm/dht": {
      "version": "3.6.5",
      "resolved": "https://registry.npmjs.org/@hyperswarm/dht/-/dht-3.6.5.tgz",
      "integrity": "sha512-SJL3cVG0ahecikal+Xv4+AbUYo/PVcymD36bX7C71E3Q3iUR5eNntXRoZP0BgOklMFT/x5rzkHy6HJYYxPa7pQ==",
      "requires": {
        "@hyperswarm/hypersign": "^2.0.0",
        "dht-rpc": "^4.8.0",
        "end-of-stream": "^1.4.1",
        "guard-timeout": "^2.0.0",
        "hashlru": "^2.3.0",
        "protocol-buffers-encodings": "^1.1.0",
        "record-cache": "^1.1.0",
        "sodium-native": "^3.1.1",
        "uint64be": "^2.0.2"
      }
    },
    "@hyperswarm/discovery": {
      "version": "1.11.5",
      "resolved": "https://registry.npmjs.org/@hyperswarm/discovery/-/discovery-1.11.5.tgz",
      "integrity": "sha512-C5Hbq31lkfrjFytuujSxzvied3PzDU98xeKs34oW/D7NIexGM13dqKC8mMDxkxkqXDMzx/vKrwvD/Jfd+q79uQ==",
      "requires": {
        "@hyperswarm/dht": "^3.2.0",
        "multicast-dns": "^7.2.0",
        "timeout-refresh": "^1.0.2"
      }
    },
    "@hyperswarm/hypersign": {
      "version": "2.1.1",
      "resolved": "https://registry.npmjs.org/@hyperswarm/hypersign/-/hypersign-2.1.1.tgz",
      "integrity": "sha512-RcczqJsu2VScRoyJdLbxpYMBNq+73HJT3FVzDZXSOob/WqEeiN2WIvuDtvmFoufAuO/3YVfde/NpZFc/OPjmjw==",
      "requires": {
        "sodium-native": "^3.1.1"
      }
    },
    "@hyperswarm/network": {
      "version": "1.5.0",
      "resolved": "https://registry.npmjs.org/@hyperswarm/network/-/network-1.5.0.tgz",
      "integrity": "sha512-EtEGUew6+odJSMwbpzzSxtX7VXTDUQ16b/w7jl9MXegKPjQkLTVkGf18luO/sjWC8N81u5XEeabi6x4oKuP1tQ==",
      "requires": {
        "@hyperswarm/discovery": "^1.6.0",
        "nanoresource": "^1.0.0",
        "utp-native": "^2.1.3"
      }
    },
    "@peculiar/asn1-schema": {
      "version": "2.0.5",
      "resolved": "https://registry.npmjs.org/@peculiar/asn1-schema/-/asn1-schema-2.0.5.tgz",
      "integrity": "sha512-VIKJjsgMkv+yyWx3C+D4xo6/NeCg0XFBgNlavtkxELijV+aKAq53du5KkOJbeZtm1nn9CinQKny2PqL8zCfpeA==",
      "optional": true,
      "requires": {
        "@types/asn1js": "^0.0.1",
        "asn1js": "^2.0.26",
        "pvtsutils": "^1.0.10",
        "tslib": "^1.11.1"
      }
    },
    "@peculiar/json-schema": {
      "version": "1.1.10",
      "resolved": "https://registry.npmjs.org/@peculiar/json-schema/-/json-schema-1.1.10.tgz",
      "integrity": "sha512-kbpnG9CkF1y6wwGkW7YtSA+yYK4X5uk4rAwsd1hxiaYE3Hkw2EsGlbGh/COkMLyFf+Fe830BoFiMSB3QnC/ItA==",
      "optional": true,
      "requires": {
        "tslib": "^1.11.1"
      }
    },
    "@peculiar/webcrypto": {
      "version": "1.1.1",
      "resolved": "https://registry.npmjs.org/@peculiar/webcrypto/-/webcrypto-1.1.1.tgz",
      "integrity": "sha512-Bu2XgOvzirnLcojZYs4KQ8hOLf2ETpa0NL6btQt5NgsAwctI6yVkzgYP+EcG7Mm579RBP+V0LM5rXyMlTVx23A==",
      "optional": true,
      "requires": {
        "@peculiar/asn1-schema": "^2.0.3",
        "@peculiar/json-schema": "^1.1.10",
        "pvtsutils": "^1.0.10",
        "tslib": "^1.11.2",
        "webcrypto-core": "^1.1.0"
      }
    },
    "@types/asn1js": {
      "version": "0.0.1",
      "resolved": "https://registry.npmjs.org/@types/asn1js/-/asn1js-0.0.1.tgz",
      "integrity": "sha1-74uflwjLFjKhw6nNJ3F8qr55O8I=",
      "optional": true,
      "requires": {
        "@types/pvutils": "*"
      }
    },
    "@types/pvutils": {
      "version": "0.0.2",
      "resolved": "https://registry.npmjs.org/@types/pvutils/-/pvutils-0.0.2.tgz",
      "integrity": "sha512-CgQAm7pjyeF3Gnv78ty4RBVIfluB+Td+2DR8iPaU0prF18pkzptHHP+DoKPfpsJYknKsVZyVsJEu5AuGgAqQ5w==",
      "optional": true
    },
    "@unimodules/core": {
      "version": "5.1.2",
      "resolved": "https://registry.npmjs.org/@unimodules/core/-/core-5.1.2.tgz",
      "integrity": "sha512-iCWEbzsNHqDfL6p8FyCGPnL2EW7vdgMJsNNSlWtM/gl8kePdqZMI7aOxTC4cdRS2xm0wzxuDBtpfJkzZsKINZg==",
      "optional": true,
      "requires": {
        "compare-versions": "^3.4.0"
      }
    },
    "@unimodules/react-native-adapter": {
      "version": "5.2.0",
      "resolved": "https://registry.npmjs.org/@unimodules/react-native-adapter/-/react-native-adapter-5.2.0.tgz",
      "integrity": "sha512-S3HMEeQbV6xs7ORRcxXFGMk38DAnxqNcZG9T8JkX/KGY9ILUUqTS/e68+d849B6beEeglNMcOxyjwlqjykN+FA==",
      "optional": true,
      "requires": {
        "invariant": "^2.2.4",
        "lodash": "^4.5.0",
        "prop-types": "^15.6.1"
      }
    },
    "accepts": {
      "version": "1.3.7",
      "resolved": "https://registry.npmjs.org/accepts/-/accepts-1.3.7.tgz",
      "integrity": "sha512-Il80Qs2WjYlJIBNzNkK6KYqlVMTbZLXgHx2oT0pU/fjRHyEp+PEfEPY0R3WCwAGVOtauxh1hOxNgIf5bv7dQpA==",
      "requires": {
        "mime-types": "~2.1.24",
        "negotiator": "0.6.2"
      }
    },
    "addressparser": {
      "version": "0.3.2",
      "resolved": "https://registry.npmjs.org/addressparser/-/addressparser-0.3.2.tgz",
      "integrity": "sha1-WYc/Nej89sc2HBAjkmHXbhU0i7I=",
      "optional": true
    },
    "array-flatten": {
      "version": "1.1.1",
      "resolved": "https://registry.npmjs.org/array-flatten/-/array-flatten-1.1.1.tgz",
      "integrity": "sha1-ml9pkFGx5wczKPKgCJaLZOopVdI="
    },
    "asmcrypto.js": {
      "version": "0.22.0",
      "resolved": "https://registry.npmjs.org/asmcrypto.js/-/asmcrypto.js-0.22.0.tgz",
      "integrity": "sha512-usgMoyXjMbx/ZPdzTSXExhMPur2FTdz/Vo5PVx2gIaBcdAAJNOFlsdgqveM8Cff7W0v+xrf9BwjOV26JSAF9qA==",
      "optional": true
    },
    "asn1js": {
      "version": "2.0.26",
      "resolved": "https://registry.npmjs.org/asn1js/-/asn1js-2.0.26.tgz",
      "integrity": "sha512-yG89F0j9B4B0MKIcFyWWxnpZPLaNTjCj4tkE3fjbAoo0qmpGw0PYYqSbX/4ebnd9Icn8ZgK4K1fvDyEtW1JYtQ==",
      "optional": true,
      "requires": {
        "pvutils": "^1.0.17"
      }
    },
    "b64-lite": {
      "version": "1.4.0",
      "resolved": "https://registry.npmjs.org/b64-lite/-/b64-lite-1.4.0.tgz",
      "integrity": "sha512-aHe97M7DXt+dkpa8fHlCcm1CnskAHrJqEfMI0KN7dwqlzml/aUe1AGt6lk51HzrSfVD67xOso84sOpr+0wIe2w==",
      "optional": true,
      "requires": {
        "base-64": "^0.1.0"
      }
    },
    "b64u-lite": {
      "version": "1.1.0",
      "resolved": "https://registry.npmjs.org/b64u-lite/-/b64u-lite-1.1.0.tgz",
      "integrity": "sha512-929qWGDVCRph7gQVTC6koHqQIpF4vtVaSbwLltFQo44B1bYUquALswZdBKFfrJCPEnsCOvWkJsPdQYZ/Ukhw8A==",
      "optional": true,
      "requires": {
        "b64-lite": "^1.4.0"
      }
    },
    "base-64": {
      "version": "0.1.0",
      "resolved": "https://registry.npmjs.org/base-64/-/base-64-0.1.0.tgz",
      "integrity": "sha1-eAqZyE59YAJgNhURxId2E78k9rs=",
      "optional": true
    },
    "base64-js": {
      "version": "1.3.1",
      "resolved": "https://registry.npmjs.org/base64-js/-/base64-js-1.3.1.tgz",
      "integrity": "sha512-mLQ4i2QO1ytvGWFWmcngKO//JXAQueZvwEKtjgQFM4jIK0kU+ytMfplL8j+n5mspOfjHwoAg+9yhb7BwAHm36g=="
    },
    "blake2b": {
      "version": "2.1.3",
      "resolved": "https://registry.npmjs.org/blake2b/-/blake2b-2.1.3.tgz",
      "integrity": "sha512-pkDss4xFVbMb4270aCyGD3qLv92314Et+FsKzilCLxDz5DuZ2/1g3w4nmBbu6nKApPspnjG7JcwTjGZnduB1yg==",
      "requires": {
        "blake2b-wasm": "^1.1.0",
        "nanoassert": "^1.0.0"
      }
    },
    "blake2b-universal": {
      "version": "1.0.0",
      "resolved": "https://registry.npmjs.org/blake2b-universal/-/blake2b-universal-1.0.0.tgz",
      "integrity": "sha512-kaOafTnAaBiyjMdILRAhmJoINfuKbYszEP1d5emtGw0S8+lDAdozQCdRufFvelwy8YgRBqD60akmrvroIIxkrA==",
      "requires": {
        "blake2b": "^2.1.3",
        "sodium-native": "^3.0.1"
      }
    },
    "blake2b-wasm": {
      "version": "1.1.7",
      "resolved": "https://registry.npmjs.org/blake2b-wasm/-/blake2b-wasm-1.1.7.tgz",
      "integrity": "sha512-oFIHvXhlz/DUgF0kq5B1CqxIDjIJwh9iDeUUGQUcvgiGz7Wdw03McEO7CfLBy7QKGdsydcMCgO9jFNBAFCtFcA==",
      "requires": {
        "nanoassert": "^1.0.0"
      }
    },
    "body-parser": {
      "version": "1.19.0",
      "resolved": "https://registry.npmjs.org/body-parser/-/body-parser-1.19.0.tgz",
      "integrity": "sha512-dhEPs72UPbDnAQJ9ZKMNTP6ptJaionhP5cBb541nXPlW60Jepo9RV/a4fX4XWW9CuFNK22krhrj1+rgzifNCsw==",
      "requires": {
        "bytes": "3.1.0",
        "content-type": "~1.0.4",
        "debug": "2.6.9",
        "depd": "~1.1.2",
        "http-errors": "1.7.2",
        "iconv-lite": "0.4.24",
        "on-finished": "~2.3.0",
        "qs": "6.7.0",
        "raw-body": "2.4.0",
        "type-is": "~1.6.17"
      }
    },
    "buffer": {
      "version": "5.6.0",
      "resolved": "https://registry.npmjs.org/buffer/-/buffer-5.6.0.tgz",
      "integrity": "sha512-/gDYp/UtU0eA1ys8bOs9J6a+E/KWIY+DZ+Q2WESNUA0jFRsJOc0SNUO6xJ5SGA1xueg3NL65W6s+NY5l9cunuw==",
      "requires": {
        "base64-js": "^1.0.2",
        "ieee754": "^1.1.4"
      }
    },
    "buffer-alloc": {
      "version": "1.2.0",
      "resolved": "https://registry.npmjs.org/buffer-alloc/-/buffer-alloc-1.2.0.tgz",
      "integrity": "sha512-CFsHQgjtW1UChdXgbyJGtnm+O/uLQeZdtbDo8mfUgYXCHSM1wgrVxXm6bSyrUuErEb+4sYVGCzASBRot7zyrow==",
      "requires": {
        "buffer-alloc-unsafe": "^1.1.0",
        "buffer-fill": "^1.0.0"
      }
    },
    "buffer-alloc-unsafe": {
      "version": "1.1.0",
      "resolved": "https://registry.npmjs.org/buffer-alloc-unsafe/-/buffer-alloc-unsafe-1.1.0.tgz",
      "integrity": "sha512-TEM2iMIEQdJ2yjPJoSIsldnleVaAk1oW3DBVUykyOLsEsFmEc9kn+SFFPz+gl54KQNxlDnAwCXosOS9Okx2xAg=="
    },
    "buffer-fill": {
      "version": "1.0.0",
      "resolved": "https://registry.npmjs.org/buffer-fill/-/buffer-fill-1.0.0.tgz",
      "integrity": "sha1-+PeLdniYiO858gXNY39o5wISKyw="
    },
    "bufferutil": {
      "version": "4.0.1",
      "resolved": "https://registry.npmjs.org/bufferutil/-/bufferutil-4.0.1.tgz",
      "integrity": "sha512-xowrxvpxojqkagPcWRQVXZl0YXhRhAtBEIq3VoER1NH5Mw1n1o0ojdspp+GS2J//2gCVyrzQDApQ4unGF+QOoA==",
      "optional": true,
      "requires": {
        "node-gyp-build": "~3.7.0"
      }
    },
    "bytes": {
      "version": "3.1.0",
      "resolved": "https://registry.npmjs.org/bytes/-/bytes-3.1.0.tgz",
      "integrity": "sha512-zauLjrfCG+xvoyaqLoV8bLVXXNGC4JqlxFCutSDWA6fJrTo2ZuvLYTqZ7aHBLZSMOopbzwv8f+wZcVzfVTI2Dg=="
    },
    "codecs": {
      "version": "2.1.0",
      "resolved": "https://registry.npmjs.org/codecs/-/codecs-2.1.0.tgz",
      "integrity": "sha512-nSWYToViFEpZXOxhtMQ6IDs76TN9xKIkHOu1KCr/iFiBcgzKuY1AFPZktuXN8r82FbZ/TXP9fwITszLgcp3eQg=="
    },
    "compare-versions": {
      "version": "3.6.0",
      "resolved": "https://registry.npmjs.org/compare-versions/-/compare-versions-3.6.0.tgz",
      "integrity": "sha512-W6Af2Iw1z4CB7q4uU4hv646dW9GQuBM+YpC0UvUCWSD8w90SJjp+ujJuXaEMtAXBtSqGfMPuFOVn4/+FlaqfBA==",
      "optional": true
    },
    "content-disposition": {
      "version": "0.5.3",
      "resolved": "https://registry.npmjs.org/content-disposition/-/content-disposition-0.5.3.tgz",
      "integrity": "sha512-ExO0774ikEObIAEV9kDo50o+79VCUdEB6n6lzKgGwupcVeRlhrj3qGAfwq8G6uBJjkqLrhT0qEYFcWng8z1z0g==",
      "requires": {
        "safe-buffer": "5.1.2"
      }
    },
    "content-type": {
      "version": "1.0.4",
      "resolved": "https://registry.npmjs.org/content-type/-/content-type-1.0.4.tgz",
      "integrity": "sha512-hIP3EEPs8tB9AT1L+NUqtwOAps4mk2Zob89MWXMHjHWg9milF/j4osnnQLXBCBFBk/tvIG/tUc9mOUJiPBhPXA=="
    },
    "cookie": {
      "version": "0.4.0",
      "resolved": "https://registry.npmjs.org/cookie/-/cookie-0.4.0.tgz",
      "integrity": "sha512-+Hp8fLp57wnUSt0tY0tHEXh4voZRDnoIrZPqlo3DPiI4y9lwg/jqx+1Om94/W6ZaPDOUbnjOt/99w66zk+l1Xg=="
    },
    "cookie-signature": {
      "version": "1.0.6",
      "resolved": "https://registry.npmjs.org/cookie-signature/-/cookie-signature-1.0.6.tgz",
      "integrity": "sha1-4wOogrNCzD7oylE6eZmXNNqzriw="
    },
    "debug": {
      "version": "2.6.9",
      "resolved": "https://registry.npmjs.org/debug/-/debug-2.6.9.tgz",
      "integrity": "sha512-bC7ElrdJaJnPbAP+1EotYvqZsb3ecl5wi6Bfi6BJTUcNowp6cvspg0jXznRTKDjm/E7AdgFBVeAPVMNcKGsHMA==",
      "requires": {
        "ms": "2.0.0"
      }
    },
    "depd": {
      "version": "1.1.2",
      "resolved": "https://registry.npmjs.org/depd/-/depd-1.1.2.tgz",
      "integrity": "sha1-m81S4UwJd2PnSbJ0xDRu0uVgtak="
    },
    "destroy": {
      "version": "1.0.4",
      "resolved": "https://registry.npmjs.org/destroy/-/destroy-1.0.4.tgz",
      "integrity": "sha1-l4hXRCxEdJ5CBmE+N5RiBYJqvYA="
    },
    "dht-rpc": {
      "version": "4.9.2",
      "resolved": "https://registry.npmjs.org/dht-rpc/-/dht-rpc-4.9.2.tgz",
      "integrity": "sha512-+VfTMHheyYQfEykcJFK1Bv+9DK1YeH4LV3BpYy03/E756MBmR4vv1cdGS3pjuPBP8D6Vf8RDpHEsVEYmFXtKoA==",
      "requires": {
        "blake2b-universal": "^1.0.0",
        "codecs": "^2.0.0",
        "ipv4-peers": "^2.0.0",
        "k-bucket": "^5.0.0",
        "protocol-buffers-encodings": "^1.1.0",
        "sodium-native": "^3.1.1",
        "speedometer": "^1.1.0",
        "stream-collector": "^1.0.1",
        "time-ordered-set": "^1.0.1",
        "xor-distance": "^2.0.0"
      }
    },
    "dns-packet": {
      "version": "4.2.0",
      "resolved": "https://registry.npmjs.org/dns-packet/-/dns-packet-4.2.0.tgz",
      "integrity": "sha512-bn1AKpfkFbm0MIioOMHZ5qJzl2uypdBwI4nYNsqvhjsegBhcKJUlCrMPWLx6JEezRjxZmxhtIz/FkBEur2l8Cw==",
      "requires": {
        "ip": "^1.1.5",
        "safe-buffer": "^5.1.1"
      }
    },
    "ee-first": {
      "version": "1.1.1",
      "resolved": "https://registry.npmjs.org/ee-first/-/ee-first-1.1.1.tgz",
      "integrity": "sha1-WQxhFWsK4vTwJVcyoViyZrxWsh0="
    },
    "emailjs": {
      "version": "2.2.0",
      "resolved": "https://registry.npmjs.org/emailjs/-/emailjs-2.2.0.tgz",
      "integrity": "sha1-ulsj5KSwpFEPZS6HOxVOlAe2ygM=",
      "optional": true,
      "requires": {
        "addressparser": "^0.3.2",
        "emailjs-mime-codec": "^2.0.7"
      }
    },
    "emailjs-base64": {
      "version": "1.1.4",
      "resolved": "https://registry.npmjs.org/emailjs-base64/-/emailjs-base64-1.1.4.tgz",
      "integrity": "sha512-4h0xp1jgVTnIQBHxSJWXWanNnmuc5o+k4aHEpcLXSToN8asjB5qbXAexs7+PEsUKcEyBteNYsSvXUndYT2CGGA==",
      "optional": true
    },
    "emailjs-mime-codec": {
      "version": "2.0.9",
      "resolved": "https://registry.npmjs.org/emailjs-mime-codec/-/emailjs-mime-codec-2.0.9.tgz",
      "integrity": "sha512-7qJo4pFGcKlWh/kCeNjmcgj34YoJWY0ekZXEHYtluWg4MVBnXqGM4CRMtZQkfYwitOhUgaKN5EQktJddi/YIDQ==",
      "optional": true,
      "requires": {
        "emailjs-base64": "^1.1.4",
        "ramda": "^0.26.1",
        "text-encoding": "^0.7.0"
      }
    },
    "encodeurl": {
      "version": "1.0.2",
      "resolved": "https://registry.npmjs.org/encodeurl/-/encodeurl-1.0.2.tgz",
      "integrity": "sha1-rT/0yG7C0CkyL1oCw6mmBslbP1k="
    },
    "end-of-stream": {
      "version": "1.4.4",
      "resolved": "https://registry.npmjs.org/end-of-stream/-/end-of-stream-1.4.4.tgz",
      "integrity": "sha512-+uw1inIHVPQoaVuHzRyXd21icM+cnt4CzD5rW+NC1wjOUSTOs+Te7FOv7AhN7vS9x/oIyhLP5PR1H+phQAHu5Q==",
      "requires": {
        "once": "^1.4.0"
      }
    },
    "escape-html": {
      "version": "1.0.3",
      "resolved": "https://registry.npmjs.org/escape-html/-/escape-html-1.0.3.tgz",
      "integrity": "sha1-Aljq5NPQwJdN4cFpGI7wBR0dGYg="
    },
    "etag": {
      "version": "1.8.1",
      "resolved": "https://registry.npmjs.org/etag/-/etag-1.8.1.tgz",
      "integrity": "sha1-Qa4u62XvpiJorr/qg6x9eSmbCIc="
    },
    "expo-random": {
      "version": "8.1.0",
      "resolved": "https://registry.npmjs.org/expo-random/-/expo-random-8.1.0.tgz",
      "integrity": "sha512-9n2gg83Hpg3ErkKu+a3FFOGmaPIxaHn6RuzjW24xFckdfmnrAKtbs1aU1aAcmoL1kXPvDeufRSEV/3lW93u6ug==",
      "optional": true,
      "requires": {
        "base64-js": "^1.3.0"
      }
    },
    "express": {
      "version": "4.17.1",
      "resolved": "https://registry.npmjs.org/express/-/express-4.17.1.tgz",
      "integrity": "sha512-mHJ9O79RqluphRrcw2X/GTh3k9tVv8YcoyY4Kkh4WDMUYKRZUq0h1o0w2rrrxBqM7VoeUVqgb27xlEMXTnYt4g==",
      "requires": {
        "accepts": "~1.3.7",
        "array-flatten": "1.1.1",
        "body-parser": "1.19.0",
        "content-disposition": "0.5.3",
        "content-type": "~1.0.4",
        "cookie": "0.4.0",
        "cookie-signature": "1.0.6",
        "debug": "2.6.9",
        "depd": "~1.1.2",
        "encodeurl": "~1.0.2",
        "escape-html": "~1.0.3",
        "etag": "~1.8.1",
        "finalhandler": "~1.1.2",
        "fresh": "0.5.2",
        "merge-descriptors": "1.0.1",
        "methods": "~1.1.2",
        "on-finished": "~2.3.0",
        "parseurl": "~1.3.3",
        "path-to-regexp": "0.1.7",
        "proxy-addr": "~2.0.5",
        "qs": "6.7.0",
        "range-parser": "~1.2.1",
        "safe-buffer": "5.1.2",
        "send": "0.17.1",
        "serve-static": "1.14.1",
        "setprototypeof": "1.1.1",
        "statuses": "~1.5.0",
        "type-is": "~1.6.18",
        "utils-merge": "1.0.1",
        "vary": "~1.1.2"
      }
    },
    "finalhandler": {
      "version": "1.1.2",
      "resolved": "https://registry.npmjs.org/finalhandler/-/finalhandler-1.1.2.tgz",
      "integrity": "sha512-aAWcW57uxVNrQZqFXjITpW3sIUQmHGG3qSb9mUah9MgMC4NeWhNOlNjXEYq3HjRAvL6arUviZGGJsBg6z0zsWA==",
      "requires": {
        "debug": "2.6.9",
        "encodeurl": "~1.0.2",
        "escape-html": "~1.0.3",
        "on-finished": "~2.3.0",
        "parseurl": "~1.3.3",
        "statuses": "~1.5.0",
        "unpipe": "~1.0.0"
      }
    },
    "forwarded": {
      "version": "0.1.2",
      "resolved": "https://registry.npmjs.org/forwarded/-/forwarded-0.1.2.tgz",
      "integrity": "sha1-mMI9qxF1ZXuMBXPozszZGw/xjIQ="
    },
    "fresh": {
      "version": "0.5.2",
      "resolved": "https://registry.npmjs.org/fresh/-/fresh-0.5.2.tgz",
      "integrity": "sha1-PYyt2Q2XZWn6g1qx+OSyOhBWBac="
    },
    "guard-timeout": {
      "version": "2.0.0",
      "resolved": "https://registry.npmjs.org/guard-timeout/-/guard-timeout-2.0.0.tgz",
      "integrity": "sha512-35geHv72oal0cRUE5t1tZ5KHm3OVPXzFtiMG8AnRPV5FkkEf84RUpeQ0BCeCZunfSLGATW5ZVyALhJKgM7I/6A=="
    },
    "gun": {
      "version": "0.2020.514",
      "resolved": "https://registry.npmjs.org/gun/-/gun-0.2020.514.tgz",
      "integrity": "sha512-gKOUJUenNhVFmWOij7RjuXsluY8dSsFjX2mOA5MXrfvZP4Lqv6pEpSntnQmDmo3PHfECOaPF955JLLpiLVuLbw==",
      "requires": {
        "buffer": "^5.4.3",
        "bufferutil": "^4.0.1",
        "emailjs": "^2.2.0",
        "isomorphic-webcrypto": "^2.3.2",
        "text-encoding": "^0.7.0",
        "utf-8-validate": "^5.0.2",
        "ws": "^7.2.1"
      }
    },
    "hashlru": {
      "version": "2.3.0",
      "resolved": "https://registry.npmjs.org/hashlru/-/hashlru-2.3.0.tgz",
      "integrity": "sha512-0cMsjjIC8I+D3M44pOQdsy0OHXGLVz6Z0beRuufhKa0KfaD2wGwAev6jILzXsd3/vpnNQJmWyZtIILqM1N+n5A=="
    },
    "http-errors": {
      "version": "1.7.2",
      "resolved": "https://registry.npmjs.org/http-errors/-/http-errors-1.7.2.tgz",
      "integrity": "sha512-uUQBt3H/cSIVfch6i1EuPNy/YsRSOUBXTVfZ+yR7Zjez3qjBz6i9+i4zjNaoqcoFVI4lQJ5plg63TvGfRSDCRg==",
      "requires": {
        "depd": "~1.1.2",
        "inherits": "2.0.3",
        "setprototypeof": "1.1.1",
        "statuses": ">= 1.5.0 < 2",
        "toidentifier": "1.0.0"
      }
    },
    "hyperswarm": {
      "version": "2.14.0",
      "resolved": "https://registry.npmjs.org/hyperswarm/-/hyperswarm-2.14.0.tgz",
      "integrity": "sha512-vJI6vVH0/PjlCVdRJLXr1an0guRSYRE1uE5wnEUmgjp4erYBIOALn+0YR/W95fTCZfp9Y+YA2Ku9npo87/tqqg==",
      "requires": {
        "@hyperswarm/network": "^1.5.0",
        "shuffled-priority-queue": "^2.1.0",
        "utp-native": "^2.1.7"
      }
    },
    "iconv-lite": {
      "version": "0.4.24",
      "resolved": "https://registry.npmjs.org/iconv-lite/-/iconv-lite-0.4.24.tgz",
      "integrity": "sha512-v3MXnZAcvnywkTUEZomIActle7RXXeedOR31wwl7VlyoXO4Qi9arvSenNQWne1TcRwhCL1HwLI21bEqdpj8/rA==",
      "requires": {
        "safer-buffer": ">= 2.1.2 < 3"
      }
    },
    "ieee754": {
      "version": "1.1.13",
      "resolved": "https://registry.npmjs.org/ieee754/-/ieee754-1.1.13.tgz",
      "integrity": "sha512-4vf7I2LYV/HaWerSo3XmlMkp5eZ83i+/CDluXi/IGTs/O1sejBNhTtnxzmRZfvOUqj7lZjqHkeTvpgSFDlWZTg=="
    },
    "inherits": {
      "version": "2.0.3",
      "resolved": "https://registry.npmjs.org/inherits/-/inherits-2.0.3.tgz",
      "integrity": "sha1-Yzwsg+PaQqUC9SRmAiSA9CCCYd4="
    },
    "ini": {
      "version": "1.3.5",
      "resolved": "https://registry.npmjs.org/ini/-/ini-1.3.5.tgz",
      "integrity": "sha512-RZY5huIKCMRWDUqZlEi72f/lmXKMvuszcMBduliQ3nnWbx9X/ZBQO7DijMEYS9EhHBb2qacRUMtC7svLwe0lcw=="
    },
    "invariant": {
      "version": "2.2.4",
      "resolved": "https://registry.npmjs.org/invariant/-/invariant-2.2.4.tgz",
      "integrity": "sha512-phJfQVBuaJM5raOpJjSfkiD6BpbCE4Ns//LaXl6wGYtUBY83nWS6Rf9tXm2e8VaK60JEjYldbPif/A2B1C2gNA==",
      "optional": true,
      "requires": {
        "loose-envify": "^1.0.0"
      }
    },
    "ip": {
      "version": "1.1.5",
      "resolved": "https://registry.npmjs.org/ip/-/ip-1.1.5.tgz",
      "integrity": "sha1-vd7XARQpCCjAoDnnLvJfWq7ENUo="
    },
    "ipaddr.js": {
      "version": "1.9.1",
      "resolved": "https://registry.npmjs.org/ipaddr.js/-/ipaddr.js-1.9.1.tgz",
      "integrity": "sha512-0KI/607xoxSToH7GjN1FfSbLoU0+btTicjsQSWQlh/hZykN8KpmMf7uYwPW3R+akZ6R/w18ZlXSHBYXiYUPO3g=="
    },
    "ipv4-peers": {
      "version": "2.0.0",
      "resolved": "https://registry.npmjs.org/ipv4-peers/-/ipv4-peers-2.0.0.tgz",
      "integrity": "sha512-6ZMWB3JnCWT0gISUkzChcUEkJS6+LpGRU3h10f9Mfc0usVmyIcbcTN9+QPMg29gLOY8WtaKFbM5ME8qNySoh8g=="
    },
    "isomorphic-webcrypto": {
      "version": "2.3.6",
      "resolved": "https://registry.npmjs.org/isomorphic-webcrypto/-/isomorphic-webcrypto-2.3.6.tgz",
      "integrity": "sha512-d1prB3b0UMWOao5DK3+O2Dr5ZJCakzB5Q+2kCWNkNuM9ln7VB8TSw2SwUjbnErzg7cgsYja+VPQaeBtXEojpew==",
      "optional": true,
      "requires": {
        "@peculiar/webcrypto": "^1.0.22",
        "@unimodules/core": "*",
        "@unimodules/react-native-adapter": "*",
        "asmcrypto.js": "^0.22.0",
        "b64-lite": "^1.3.1",
        "b64u-lite": "^1.0.1",
        "expo-random": "*",
        "msrcrypto": "^1.5.6",
        "react-native-securerandom": "^0.1.1",
        "str2buf": "^1.3.0",
        "webcrypto-shim": "^0.1.4"
      }
    },
    "js-tokens": {
      "version": "4.0.0",
      "resolved": "https://registry.npmjs.org/js-tokens/-/js-tokens-4.0.0.tgz",
      "integrity": "sha512-RdJUflcE3cUzKiMqQgsCu06FPu9UdIJO0beYbPhHN4k6apgJtifcoCtT9bcxOpYBtpD2kCM6Sbzg4CausW/PKQ==",
      "optional": true
    },
    "k-bucket": {
      "version": "5.0.0",
      "resolved": "https://registry.npmjs.org/k-bucket/-/k-bucket-5.0.0.tgz",
      "integrity": "sha512-r/q+wV/Kde62/tk+rqyttEJn6h0jR7x+incdMVSYTqK73zVxVrzJa70kJL49cIKen8XjIgUZKSvk8ktnrQbK4w==",
      "requires": {
        "randombytes": "^2.0.3"
      }
    },
    "lodash": {
      "version": "4.17.15",
      "resolved": "https://registry.npmjs.org/lodash/-/lodash-4.17.15.tgz",
      "integrity": "sha512-8xOcRHvCjnocdS5cpwXQXVzmmh5e5+saE2QGoeQmbKmRS6J3VQppPOIt0MnmE+4xlZoumy0GPG0D0MVIQbNA1A==",
      "optional": true
    },
    "loose-envify": {
      "version": "1.4.0",
      "resolved": "https://registry.npmjs.org/loose-envify/-/loose-envify-1.4.0.tgz",
      "integrity": "sha512-lyuxPGr/Wfhrlem2CL/UcnUc1zcqKAImBDzukY7Y5F/yQiNdko6+fRLevlw1HgMySw7f611UIY408EtxRSoK3Q==",
      "optional": true,
      "requires": {
        "js-tokens": "^3.0.0 || ^4.0.0"
      }
    },
    "media-typer": {
      "version": "0.3.0",
      "resolved": "https://registry.npmjs.org/media-typer/-/media-typer-0.3.0.tgz",
      "integrity": "sha1-hxDXrwqmJvj/+hzgAWhUUmMlV0g="
    },
    "merge-descriptors": {
      "version": "1.0.1",
      "resolved": "https://registry.npmjs.org/merge-descriptors/-/merge-descriptors-1.0.1.tgz",
      "integrity": "sha1-sAqqVW3YtEVoFQ7J0blT8/kMu2E="
    },
    "methods": {
      "version": "1.1.2",
      "resolved": "https://registry.npmjs.org/methods/-/methods-1.1.2.tgz",
      "integrity": "sha1-VSmk1nZUE07cxSZmVoNbD4Ua/O4="
    },
    "mime": {
      "version": "1.6.0",
      "resolved": "https://registry.npmjs.org/mime/-/mime-1.6.0.tgz",
      "integrity": "sha512-x0Vn8spI+wuJ1O6S7gnbaQg8Pxh4NNHb7KSINmEWKiPE4RKOplvijn+NkmYmmRgP68mc70j2EbeTFRsrswaQeg=="
    },
    "mime-db": {
      "version": "1.44.0",
      "resolved": "https://registry.npmjs.org/mime-db/-/mime-db-1.44.0.tgz",
      "integrity": "sha512-/NOTfLrsPBVeH7YtFPgsVWveuL+4SjjYxaQ1xtM1KMFj7HdxlBlxeyNLzhyJVx7r4rZGJAZ/6lkKCitSc/Nmpg=="
    },
    "mime-types": {
      "version": "2.1.27",
      "resolved": "https://registry.npmjs.org/mime-types/-/mime-types-2.1.27.tgz",
      "integrity": "sha512-JIhqnCasI9yD+SsmkquHBxTSEuZdQX5BuQnS2Vc7puQQQ+8yiP5AY5uWhpdv4YL4VM5c6iliiYWPgJ/nJQLp7w==",
      "requires": {
        "mime-db": "1.44.0"
      }
    },
    "ms": {
      "version": "2.0.0",
      "resolved": "https://registry.npmjs.org/ms/-/ms-2.0.0.tgz",
      "integrity": "sha1-VgiurfwAvmwpAd9fmGF4jeDVl8g="
    },
    "msrcrypto": {
      "version": "1.5.8",
      "resolved": "https://registry.npmjs.org/msrcrypto/-/msrcrypto-1.5.8.tgz",
      "integrity": "sha512-ujZ0TRuozHKKm6eGbKHfXef7f+esIhEckmThVnz7RNyiOJd7a6MXj2JGBoL9cnPDW+JMG16MoTUh5X+XXjI66Q==",
      "optional": true
    },
    "multicast-dns": {
      "version": "7.2.2",
      "resolved": "https://registry.npmjs.org/multicast-dns/-/multicast-dns-7.2.2.tgz",
      "integrity": "sha512-XqSMeO8EWV/nOXOpPV8ztIpNweVfE1dSpz6SQvDPp71HD74lMXjt4m/mWB1YBMG0kHtOodxRWc5WOb/UNN1A5g==",
      "requires": {
        "dns-packet": "^4.0.0",
        "thunky": "^1.0.2"
      }
    },
    "nanoassert": {
      "version": "1.1.0",
      "resolved": "https://registry.npmjs.org/nanoassert/-/nanoassert-1.1.0.tgz",
      "integrity": "sha1-TzFS4JVA/eKMdvRLGbvNHVpCR40="
    },
    "nanoresource": {
      "version": "1.3.0",
      "resolved": "https://registry.npmjs.org/nanoresource/-/nanoresource-1.3.0.tgz",
      "integrity": "sha512-OI5dswqipmlYfyL3k/YMm7mbERlh4Bd1KuKdMHpeoVD1iVxqxaTMKleB4qaA2mbQZ6/zMNSxCXv9M9P/YbqTuQ==",
      "requires": {
        "inherits": "^2.0.4"
      },
      "dependencies": {
        "inherits": {
          "version": "2.0.4",
          "resolved": "https://registry.npmjs.org/inherits/-/inherits-2.0.4.tgz",
          "integrity": "sha512-k/vGaX4/Yla3WzyMCvTQOXYeIHvqOKtnqBduzTHpzpQZzAskKMhZ2K+EnBiSM9zGSoIFeMpXKxa4dYeZIQqewQ=="
        }
      }
    },
    "napi-macros": {
      "version": "2.0.0",
      "resolved": "https://registry.npmjs.org/napi-macros/-/napi-macros-2.0.0.tgz",
      "integrity": "sha512-A0xLykHtARfueITVDernsAWdtIMbOJgKgcluwENp3AlsKN/PloyO10HtmoqnFAQAcxPkgZN7wdfPfEd0zNGxbg=="
    },
    "negotiator": {
      "version": "0.6.2",
      "resolved": "https://registry.npmjs.org/negotiator/-/negotiator-0.6.2.tgz",
      "integrity": "sha512-hZXc7K2e+PgeI1eDBe/10Ard4ekbfrrqG8Ep+8Jmf4JID2bNg7NvCPOZN+kfF574pFQI7mum2AUqDidoKqcTOw=="
    },
    "node-gyp-build": {
      "version": "3.7.0",
      "resolved": "https://registry.npmjs.org/node-gyp-build/-/node-gyp-build-3.7.0.tgz",
      "integrity": "sha512-L/Eg02Epx6Si2NXmedx+Okg+4UHqmaf3TNcxd50SF9NQGcJaON3AtU++kax69XV7YWz4tUspqZSAsVofhFKG2w==",
      "optional": true
    },
    "object-assign": {
      "version": "4.1.1",
      "resolved": "https://registry.npmjs.org/object-assign/-/object-assign-4.1.1.tgz",
      "integrity": "sha1-IQmtx5ZYh8/AXLvUQsrIv7s2CGM=",
      "optional": true
    },
    "on-finished": {
      "version": "2.3.0",
      "resolved": "https://registry.npmjs.org/on-finished/-/on-finished-2.3.0.tgz",
      "integrity": "sha1-IPEzZIGwg811M3mSoWlxqi2QaUc=",
      "requires": {
        "ee-first": "1.1.1"
      }
    },
    "once": {
      "version": "1.4.0",
      "resolved": "https://registry.npmjs.org/once/-/once-1.4.0.tgz",
      "integrity": "sha1-WDsap3WWHUsROsF9nFC6753Xa9E=",
      "requires": {
        "wrappy": "1"
      }
    },
    "parseurl": {
      "version": "1.3.3",
      "resolved": "https://registry.npmjs.org/parseurl/-/parseurl-1.3.3.tgz",
      "integrity": "sha512-CiyeOxFT/JZyN5m0z9PfXw4SCBJ6Sygz1Dpl0wqjlhDEGGBP1GnsUVEL0p63hoG1fcj3fHynXi9NYO4nWOL+qQ=="
    },
    "path-to-regexp": {
      "version": "0.1.7",
      "resolved": "https://registry.npmjs.org/path-to-regexp/-/path-to-regexp-0.1.7.tgz",
      "integrity": "sha1-32BBeABfUi8V60SQ5yR6G/qmf4w="
    },
    "prop-types": {
      "version": "15.7.2",
      "resolved": "https://registry.npmjs.org/prop-types/-/prop-types-15.7.2.tgz",
      "integrity": "sha512-8QQikdH7//R2vurIJSutZ1smHYTcLpRWEOlHnzcWHmBYrOGUysKwSsrC89BCiFj3CbrfJ/nXFdJepOVrY1GCHQ==",
      "optional": true,
      "requires": {
        "loose-envify": "^1.4.0",
        "object-assign": "^4.1.1",
        "react-is": "^16.8.1"
      }
    },
    "protocol-buffers-encodings": {
      "version": "1.1.0",
      "resolved": "https://registry.npmjs.org/protocol-buffers-encodings/-/protocol-buffers-encodings-1.1.0.tgz",
      "integrity": "sha512-SmjEuAf3hc3h3rWZ6V1YaaQw2MNJWK848gLJgzx/sefOJdNLujKinJVXIS0q2cBQpQn2Q32TinawZyDZPzm4kQ==",
      "requires": {
        "signed-varint": "^2.0.1",
        "varint": "^5.0.0"
      }
    },
    "proxy-addr": {
      "version": "2.0.6",
      "resolved": "https://registry.npmjs.org/proxy-addr/-/proxy-addr-2.0.6.tgz",
      "integrity": "sha512-dh/frvCBVmSsDYzw6n926jv974gddhkFPfiN8hPOi30Wax25QZyZEGveluCgliBnqmuM+UJmBErbAUFIoDbjOw==",
      "requires": {
        "forwarded": "~0.1.2",
        "ipaddr.js": "1.9.1"
      }
    },
    "pvtsutils": {
      "version": "1.0.10",
      "resolved": "https://registry.npmjs.org/pvtsutils/-/pvtsutils-1.0.10.tgz",
      "integrity": "sha512-8ZKQcxnZKTn+fpDh7wL4yKax5fdl3UJzT8Jv49djZpB/dzPxacyN1Sez90b6YLdOmvIr9vaySJ5gw4aUA1EdSw==",
      "optional": true,
      "requires": {
        "tslib": "^1.10.0"
      }
    },
    "pvutils": {
      "version": "1.0.17",
      "resolved": "https://registry.npmjs.org/pvutils/-/pvutils-1.0.17.tgz",
      "integrity": "sha512-wLHYUQxWaXVQvKnwIDWFVKDJku9XDCvyhhxoq8dc5MFdIlRenyPI9eSfEtcvgHgD7FlvCyGAlWgOzRnZD99GZQ==",
      "optional": true
    },
    "qs": {
      "version": "6.7.0",
      "resolved": "https://registry.npmjs.org/qs/-/qs-6.7.0.tgz",
      "integrity": "sha512-VCdBRNFTX1fyE7Nb6FYoURo/SPe62QCaAyzJvUjwRaIsc+NePBEniHlvxFmmX56+HZphIGtV0XeCirBtpDrTyQ=="
    },
    "quick-lru": {
      "version": "5.1.1",
      "resolved": "https://registry.npmjs.org/quick-lru/-/quick-lru-5.1.1.tgz",
      "integrity": "sha512-WuyALRjWPDGtt/wzJiadO5AXY+8hZ80hVpe6MyivgraREW751X3SbhRvG3eLKOYN+8VEvqLcf3wdnt44Z4S4SA=="
    },
    "ramda": {
      "version": "0.26.1",
      "resolved": "https://registry.npmjs.org/ramda/-/ramda-0.26.1.tgz",
      "integrity": "sha512-hLWjpy7EnsDBb0p+Z3B7rPi3GDeRG5ZtiI33kJhTt+ORCd38AbAIjB/9zRIUoeTbE/AVX5ZkU7m6bznsvrf8eQ==",
      "optional": true
    },
    "randombytes": {
      "version": "2.1.0",
      "resolved": "https://registry.npmjs.org/randombytes/-/randombytes-2.1.0.tgz",
      "integrity": "sha512-vYl3iOX+4CKUWuxGi9Ukhie6fsqXqS9FE2Zaic4tNFD2N2QQaXOMFbuKK4QmDHC0JO6B1Zp41J0LpT0oR68amQ==",
      "requires": {
        "safe-buffer": "^5.1.0"
      }
    },
    "range-parser": {
      "version": "1.2.1",
      "resolved": "https://registry.npmjs.org/range-parser/-/range-parser-1.2.1.tgz",
      "integrity": "sha512-Hrgsx+orqoygnmhFbKaHE6c296J+HTAQXoxEF6gNupROmmGJRoyzfG3ccAveqCBrwr/2yxQ5BVd/GTl5agOwSg=="
    },
    "raw-body": {
      "version": "2.4.0",
      "resolved": "https://registry.npmjs.org/raw-body/-/raw-body-2.4.0.tgz",
      "integrity": "sha512-4Oz8DUIwdvoa5qMJelxipzi/iJIi40O5cGV1wNYp5hvZP8ZN0T+jiNkL0QepXs+EsQ9XJ8ipEDoiH70ySUJP3Q==",
      "requires": {
        "bytes": "3.1.0",
        "http-errors": "1.7.2",
        "iconv-lite": "0.4.24",
        "unpipe": "1.0.0"
      }
    },
    "react-is": {
      "version": "16.13.1",
      "resolved": "https://registry.npmjs.org/react-is/-/react-is-16.13.1.tgz",
      "integrity": "sha512-24e6ynE2H+OKt4kqsOvNd8kBpV65zoxbA4BVsEOB3ARVWQki/DHzaUoC5KuON/BiccDaCCTZBuOcfZs70kR8bQ==",
      "optional": true
    },
    "react-native-securerandom": {
      "version": "0.1.1",
      "resolved": "https://registry.npmjs.org/react-native-securerandom/-/react-native-securerandom-0.1.1.tgz",
      "integrity": "sha1-8TBiOkEsM4sK+t7bwgTFy7i/IHA=",
      "optional": true,
      "requires": {
        "base64-js": "*"
      }
    },
    "readable-stream": {
      "version": "3.6.0",
      "resolved": "https://registry.npmjs.org/readable-stream/-/readable-stream-3.6.0.tgz",
      "integrity": "sha512-BViHy7LKeTz4oNnkcLJ+lVSL6vpiFeX6/d3oSH8zCW7UxP2onchk+vTGB143xuFjHS3deTgkKoXXymXqymiIdA==",
      "requires": {
        "inherits": "^2.0.3",
        "string_decoder": "^1.1.1",
        "util-deprecate": "^1.0.1"
      }
    },
    "record-cache": {
      "version": "1.1.0",
      "resolved": "https://registry.npmjs.org/record-cache/-/record-cache-1.1.0.tgz",
      "integrity": "sha512-u8rbtLEJV7HRacl/ZYwSBFD8NFyB3PfTTfGLP37IW3hftQCwu6z4Q2RLyxo1YJUNRTEzJfpLpGwVuEYdaIkG9Q=="
    },
    "safe-buffer": {
      "version": "5.1.2",
      "resolved": "https://registry.npmjs.org/safe-buffer/-/safe-buffer-5.1.2.tgz",
      "integrity": "sha512-Gd2UZBJDkXlY7GbJxfsE8/nvKkUEU1G38c1siN6QP6a9PT9MmHB8GnpscSmMJSoF8LOIrt8ud/wPtojys4G6+g=="
    },
    "safer-buffer": {
      "version": "2.1.2",
      "resolved": "https://registry.npmjs.org/safer-buffer/-/safer-buffer-2.1.2.tgz",
      "integrity": "sha512-YZo3K82SD7Riyi0E1EQPojLz7kpepnSQI9IyPbHHg1XXXevb5dJI7tpyN2ADxGcQbHG7vcyRHk0cbwqcQriUtg=="
    },
    "send": {
      "version": "0.17.1",
      "resolved": "https://registry.npmjs.org/send/-/send-0.17.1.tgz",
      "integrity": "sha512-BsVKsiGcQMFwT8UxypobUKyv7irCNRHk1T0G680vk88yf6LBByGcZJOTJCrTP2xVN6yI+XjPJcNuE3V4fT9sAg==",
      "requires": {
        "debug": "2.6.9",
        "depd": "~1.1.2",
        "destroy": "~1.0.4",
        "encodeurl": "~1.0.2",
        "escape-html": "~1.0.3",
        "etag": "~1.8.1",
        "fresh": "0.5.2",
        "http-errors": "~1.7.2",
        "mime": "1.6.0",
        "ms": "2.1.1",
        "on-finished": "~2.3.0",
        "range-parser": "~1.2.1",
        "statuses": "~1.5.0"
      },
      "dependencies": {
        "ms": {
          "version": "2.1.1",
          "resolved": "https://registry.npmjs.org/ms/-/ms-2.1.1.tgz",
          "integrity": "sha512-tgp+dl5cGk28utYktBsrFqA7HKgrhgPsg6Z/EfhWI4gl1Hwq8B/GmY/0oXZ6nF8hDVesS/FpnYaD/kOWhYQvyg=="
        }
      }
    },
    "serve-static": {
      "version": "1.14.1",
      "resolved": "https://registry.npmjs.org/serve-static/-/serve-static-1.14.1.tgz",
      "integrity": "sha512-JMrvUwE54emCYWlTI+hGrGv5I8dEwmco/00EvkzIIsR7MqrHonbD9pO2MOfFnpFntl7ecpZs+3mW+XbQZu9QCg==",
      "requires": {
        "encodeurl": "~1.0.2",
        "escape-html": "~1.0.3",
        "parseurl": "~1.3.3",
        "send": "0.17.1"
      }
    },
    "setprototypeof": {
      "version": "1.1.1",
      "resolved": "https://registry.npmjs.org/setprototypeof/-/setprototypeof-1.1.1.tgz",
      "integrity": "sha512-JvdAWfbXeIGaZ9cILp38HntZSFSo3mWg6xGcJJsd+d4aRMOqauag1C63dJfDw7OaMYwEbHMOxEZ1lqVRYP2OAw=="
    },
    "shuffled-priority-queue": {
      "version": "2.1.0",
      "resolved": "https://registry.npmjs.org/shuffled-priority-queue/-/shuffled-priority-queue-2.1.0.tgz",
      "integrity": "sha512-xhdh7fHyMsr0m/w2kDfRJuBFRS96b9l8ZPNWGaQ+PMvnUnZ/Eh+gJJ9NsHBd7P9k0399WYlCLzsy18EaMfyadA==",
      "requires": {
        "unordered-set": "^2.0.1"
      }
    },
    "signed-varint": {
      "version": "2.0.1",
      "resolved": "https://registry.npmjs.org/signed-varint/-/signed-varint-2.0.1.tgz",
      "integrity": "sha1-UKmYnafJjCxh2tEZvJdHDvhSgSk=",
      "requires": {
        "varint": "~5.0.0"
      }
    },
    "sodium-native": {
      "version": "3.1.1",
      "resolved": "https://registry.npmjs.org/sodium-native/-/sodium-native-3.1.1.tgz",
      "integrity": "sha512-XA85yUIW28Oeba0knYdLOobNEI4ACpyayjaG1eOwazcCtcIuB5xViPwV2bb3bc2ppUcX+dLTqxxj7cQBZNEpXw==",
      "requires": {
        "ini": "^1.3.5",
        "node-gyp-build": "^4.2.0"
      },
      "dependencies": {
        "node-gyp-build": {
          "version": "4.2.2",
          "resolved": "https://registry.npmjs.org/node-gyp-build/-/node-gyp-build-4.2.2.tgz",
          "integrity": "sha512-Lqh7mrByWCM8Cf9UPqpeoVBBo5Ugx+RKu885GAzmLBVYjeywScxHXPGLa4JfYNZmcNGwzR0Glu5/9GaQZMFqyA=="
        }
      }
    },
    "speedometer": {
      "version": "1.1.0",
      "resolved": "https://registry.npmjs.org/speedometer/-/speedometer-1.1.0.tgz",
      "integrity": "sha512-z/wAiTESw2XVPssY2XRcme4niTc4S5FkkJ4gknudtVoc33Zil8TdTxHy5torRcgqMqksJV2Yz8HQcvtbsnw0mQ=="
    },
    "statuses": {
      "version": "1.5.0",
      "resolved": "https://registry.npmjs.org/statuses/-/statuses-1.5.0.tgz",
      "integrity": "sha1-Fhx9rBd2Wf2YEfQ3cfqZOBR4Yow="
    },
    "str2buf": {
      "version": "1.3.0",
      "resolved": "https://registry.npmjs.org/str2buf/-/str2buf-1.3.0.tgz",
      "integrity": "sha512-xIBmHIUHYZDP4HyoXGHYNVmxlXLXDrtFHYT0eV6IOdEj3VO9ccaF1Ejl9Oq8iFjITllpT8FhaXb4KsNmw+3EuA==",
      "optional": true
    },
    "stream-collector": {
      "version": "1.0.1",
      "resolved": "https://registry.npmjs.org/stream-collector/-/stream-collector-1.0.1.tgz",
      "integrity": "sha1-TU5V8XE1YSGyxfZVn5RHBaso2xU=",
      "requires": {
        "once": "^1.3.1"
      }
    },
    "string_decoder": {
      "version": "1.3.0",
      "resolved": "https://registry.npmjs.org/string_decoder/-/string_decoder-1.3.0.tgz",
      "integrity": "sha512-hkRX8U1WjJFd8LsDJ2yQ/wWWxaopEsABU1XfkM8A+j0+85JAGppt16cr1Whg6KIbb4okU6Mql6BOj+uup/wKeA==",
      "requires": {
        "safe-buffer": "~5.2.0"
      },
      "dependencies": {
        "safe-buffer": {
          "version": "5.2.1",
          "resolved": "https://registry.npmjs.org/safe-buffer/-/safe-buffer-5.2.1.tgz",
          "integrity": "sha512-rp3So07KcdmmKbGvgaNxQSJr7bGVSVk5S9Eq1F+ppbRo70+YeaDxkw5Dd8NPN+GD6bjnYm2VuPuCXmpuYvmCXQ=="
        }
      }
    },
    "text-encoding": {
      "version": "0.7.0",
      "resolved": "https://registry.npmjs.org/text-encoding/-/text-encoding-0.7.0.tgz",
      "integrity": "sha512-oJQ3f1hrOnbRLOcwKz0Liq2IcrvDeZRHXhd9RgLrsT+DjWY/nty1Hi7v3dtkaEYbPYe0mUoOfzRrMwfXXwgPUA==",
      "optional": true
    },
    "thunky": {
      "version": "1.1.0",
      "resolved": "https://registry.npmjs.org/thunky/-/thunky-1.1.0.tgz",
      "integrity": "sha512-eHY7nBftgThBqOyHGVN+l8gF0BucP09fMo0oO/Lb0w1OF80dJv+lDVpXG60WMQvkcxAkNybKsrEIE3ZtKGmPrA=="
    },
    "time-ordered-set": {
      "version": "1.0.2",
      "resolved": "https://registry.npmjs.org/time-ordered-set/-/time-ordered-set-1.0.2.tgz",
      "integrity": "sha512-vGO99JkxvgX+u+LtOKQEpYf31Kj3i/GNwVstfnh4dyINakMgeZCpew1e3Aj+06hEslhtHEd52g7m5IV+o1K8Mw=="
    },
    "timeout-refresh": {
      "version": "1.0.2",
      "resolved": "https://registry.npmjs.org/timeout-refresh/-/timeout-refresh-1.0.2.tgz",
      "integrity": "sha512-lsO23gD/EeW53AvEoTOleUFqTIapZTu5NPzD6ndUGs0+G1IuN0+hu2kT6I3AmNX2fiOrcC6umtzMEv1XQmajgQ=="
    },
    "toidentifier": {
      "version": "1.0.0",
      "resolved": "https://registry.npmjs.org/toidentifier/-/toidentifier-1.0.0.tgz",
      "integrity": "sha512-yaOH/Pk/VEhBWWTlhI+qXxDFXlejDGcQipMlyxda9nthulaxLZUNcUqFxokp0vcYnvteJln5FNQDRrxj3YcbVw=="
    },
    "tslib": {
      "version": "1.13.0",
      "resolved": "https://registry.npmjs.org/tslib/-/tslib-1.13.0.tgz",
      "integrity": "sha512-i/6DQjL8Xf3be4K/E6Wgpekn5Qasl1usyw++dAA35Ue5orEn65VIxOA+YvNNl9HV3qv70T7CNwjODHZrLwvd1Q==",
      "optional": true
    },
    "type-is": {
      "version": "1.6.18",
      "resolved": "https://registry.npmjs.org/type-is/-/type-is-1.6.18.tgz",
      "integrity": "sha512-TkRKr9sUTxEH8MdfuCSP7VizJyzRNMjj2J2do2Jr3Kym598JVdEksuzPQCnlFPW4ky9Q+iA+ma9BGm06XQBy8g==",
      "requires": {
        "media-typer": "0.3.0",
        "mime-types": "~2.1.24"
      }
    },
    "uint64be": {
      "version": "2.0.2",
      "resolved": "https://registry.npmjs.org/uint64be/-/uint64be-2.0.2.tgz",
      "integrity": "sha512-9QqdvpGQTXgxthP+lY4e/gIBy+RuqcBaC6JVwT5I3bDLgT/btL6twZMR0pI3/Fgah9G/pdwzIprE5gL6v9UvyQ==",
      "requires": {
        "buffer-alloc": "^1.1.0"
      }
    },
    "unordered-set": {
      "version": "2.0.1",
      "resolved": "https://registry.npmjs.org/unordered-set/-/unordered-set-2.0.1.tgz",
      "integrity": "sha512-eUmNTPzdx+q/WvOHW0bgGYLWvWHNT3PTKEQLg0MAQhc0AHASHVHoP/9YytYd4RBVariqno/mEUhVZN98CmD7bg=="
    },
    "unpipe": {
      "version": "1.0.0",
      "resolved": "https://registry.npmjs.org/unpipe/-/unpipe-1.0.0.tgz",
      "integrity": "sha1-sr9O6FFKrmFltIF4KdIbLvSZBOw="
    },
    "utf-8-validate": {
      "version": "5.0.2",
      "resolved": "https://registry.npmjs.org/utf-8-validate/-/utf-8-validate-5.0.2.tgz",
      "integrity": "sha512-SwV++i2gTD5qh2XqaPzBnNX88N6HdyhQrNNRykvcS0QKvItV9u3vPEJr+X5Hhfb1JC0r0e1alL0iB09rY8+nmw==",
      "optional": true,
      "requires": {
        "node-gyp-build": "~3.7.0"
      }
    },
    "util-deprecate": {
      "version": "1.0.2",
      "resolved": "https://registry.npmjs.org/util-deprecate/-/util-deprecate-1.0.2.tgz",
      "integrity": "sha1-RQ1Nyfpw3nMnYvvS1KKJgUGaDM8="
    },
    "utils-merge": {
      "version": "1.0.1",
      "resolved": "https://registry.npmjs.org/utils-merge/-/utils-merge-1.0.1.tgz",
      "integrity": "sha1-n5VxD1CiZ5R7LMwSR0HBAoQn5xM="
    },
    "utp-native": {
      "version": "2.1.10",
      "resolved": "https://registry.npmjs.org/utp-native/-/utp-native-2.1.10.tgz",
      "integrity": "sha512-VTjBvb/uE9gYqx2NGVPtAWhqv9itieW+wJceJg5G6Cl/2kBCnHDaFafw3fNgCvii7meTpC4AoZfy6OG0pnuQ/Q==",
      "requires": {
        "napi-macros": "^2.0.0",
        "node-gyp-build": "^4.2.0",
        "readable-stream": "^3.0.2",
        "timeout-refresh": "^1.0.0",
        "unordered-set": "^2.0.1"
      },
      "dependencies": {
        "node-gyp-build": {
          "version": "4.2.2",
          "resolved": "https://registry.npmjs.org/node-gyp-build/-/node-gyp-build-4.2.2.tgz",
          "integrity": "sha512-Lqh7mrByWCM8Cf9UPqpeoVBBo5Ugx+RKu885GAzmLBVYjeywScxHXPGLa4JfYNZmcNGwzR0Glu5/9GaQZMFqyA=="
        }
      }
    },
    "varint": {
      "version": "5.0.0",
      "resolved": "https://registry.npmjs.org/varint/-/varint-5.0.0.tgz",
      "integrity": "sha1-2Ca4n3SQcy+rwMDtaT7Uddyynr8="
    },
    "vary": {
      "version": "1.1.2",
      "resolved": "https://registry.npmjs.org/vary/-/vary-1.1.2.tgz",
      "integrity": "sha1-IpnwLG3tMNSllhsLn3RSShj2NPw="
    },
    "webcrypto-core": {
      "version": "1.1.1",
      "resolved": "https://registry.npmjs.org/webcrypto-core/-/webcrypto-core-1.1.1.tgz",
      "integrity": "sha512-xK61sFRUyZdSAJG7+bJox36+Tnhxw1PaMbmrLLp30HNTJ4mffqsY2jUMlmGq6OOoej3WO/SsH5serzlzBMZ+jg==",
      "optional": true,
      "requires": {
        "@peculiar/asn1-schema": "^2.0.1",
        "@peculiar/json-schema": "^1.1.10",
        "asn1js": "^2.0.26",
        "pvtsutils": "^1.0.10",
        "tslib": "^1.11.2"
      }
    },
    "webcrypto-shim": {
      "version": "0.1.5",
      "resolved": "https://registry.npmjs.org/webcrypto-shim/-/webcrypto-shim-0.1.5.tgz",
      "integrity": "sha512-mE+E00gulvbLjHaAwl0kph60oOLQRsKyivEFgV9DMM/3Y05F1vZvGq12hAcNzHRnYxyEOABBT/XMtwGSg5xA7A==",
      "optional": true
    },
    "wrappy": {
      "version": "1.0.2",
      "resolved": "https://registry.npmjs.org/wrappy/-/wrappy-1.0.2.tgz",
      "integrity": "sha1-tSQ9jz7BqjXxNkYFvA0QNuMKtp8="
    },
    "ws": {
      "version": "7.3.0",
      "resolved": "https://registry.npmjs.org/ws/-/ws-7.3.0.tgz",
      "integrity": "sha512-iFtXzngZVXPGgpTlP1rBqsUK82p9tKqsWRPg5L56egiljujJT3vGAYnHANvFxBieXrTFavhzhxW52jnaWV+w2w=="
    },
    "xor-distance": {
      "version": "2.0.0",
      "resolved": "https://registry.npmjs.org/xor-distance/-/xor-distance-2.0.0.tgz",
      "integrity": "sha512-AsAqZfPAuWx7qB/0kyRDUEvoU3QKsHWzHU9smFlkaiprEpGfJ/NBbLze2Uq0rdkxCxkNM9uOLvz/KoNBCbZiLQ=="
    }
  }
}
